
Microsoft Visual Studio Solution File, Format Version 12.00
# Visual Studio 15
VisualStudioVersion = 15.0.28307.572
MinimumVisualStudioVersion = 10.0.40219.1
Project("{FAE04EC0-301F-11D3-BF4B-00C04F79EFBC}") = "Video Juego.Android", "Video Juego\Video Juego.Android\Video Juego.Android.csproj", "{89A6DD8D-537E-4216-BD06-6C32A0188FED}"
EndProject
Project("{FAE04EC0-301F-11D3-BF4B-00C04F79EFBC}") = "Video Juego.iOS", "Video Juego\Video Juego.iOS\Video Juego.iOS.csproj", "{D1908FCB-8D56-4E32-B89D-BCE4A0A6132B}"
EndProject
Project("{FAE04EC0-301F-11D3-BF4B-00C04F79EFBC}") = "Video Juego.UWP", "Video Juego\Video Juego.UWP\Video Juego.UWP.csproj", "{CE40EA1B-3F1E-40A1-AE94-98AEBB4861C7}"
EndProject
Project("{FAE04EC0-301F-11D3-BF4B-00C04F79EFBC}") = "Video Juego", "Video Juego\Video Juego\Video Juego.csproj", "{E29D37CD-E2AB-4AFA-8E79-2117496069C8}"
EndProject
Global
	GlobalSection(SolutionConfigurationPlatforms) = preSolution
		Ad-Hoc|Any CPU = Ad-Hoc|Any CPU
		Ad-Hoc|ARM = Ad-Hoc|ARM
		Ad-Hoc|iPhone = Ad-Hoc|iPhone
		Ad-Hoc|iPhoneSimulator = Ad-Hoc|iPhoneSimulator
		Ad-Hoc|x64 = Ad-Hoc|x64
		Ad-Hoc|x86 = Ad-Hoc|x86
		AppStore|Any CPU = AppStore|Any CPU
		AppStore|ARM = AppStore|ARM
		AppStore|iPhone = AppStore|iPhone
		AppStore|iPhoneSimulator = AppStore|iPhoneSimulator
		AppStore|x64 = AppStore|x64
		AppStore|x86 = AppStore|x86
		Debug|Any CPU = Debug|Any CPU
		Debug|ARM = Debug|ARM
		Debug|iPhone = Debug|iPhone
		Debug|iPhoneSimulator = Debug|iPhoneSimulator
		Debug|x64 = Debug|x64
		Debug|x86 = Debug|x86
		Release|Any CPU = Release|Any CPU
		Release|ARM = Release|ARM
		Release|iPhone = Release|iPhone
		Release|iPhoneSimulator = Release|iPhoneSimulator
		Release|x64 = Release|x64
		Release|x86 = Release|x86
	EndGlobalSection
	GlobalSection(ProjectConfigurationPlatforms) = postSolution
		{89A6DD8D-537E-4216-BD06-6C32A0188FED}.Ad-Hoc|Any CPU.ActiveCfg = Release|Any CPU
		{89A6DD8D-537E-4216-BD06-6C32A0188FED}.Ad-Hoc|Any CPU.Build.0 = Release|Any CPU
		{89A6DD8D-537E-4216-BD06-6C32A0188FED}.Ad-Hoc|Any CPU.Deploy.0 = Release|Any CPU
		{89A6DD8D-537E-4216-BD06-6C32A0188FED}.Ad-Hoc|ARM.ActiveCfg = Release|Any CPU
		{89A6DD8D-537E-4216-BD06-6C32A0188FED}.Ad-Hoc|ARM.Build.0 = Release|Any CPU
		{89A6DD8D-537E-4216-BD06-6C32A0188FED}.Ad-Hoc|ARM.Deploy.0 = Release|Any CPU
		{89A6DD8D-537E-4216-BD06-6C32A0188FED}.Ad-Hoc|iPhone.ActiveCfg = Release|Any CPU
		{89A6DD8D-537E-4216-BD06-6C32A0188FED}.Ad-Hoc|iPhone.Build.0 = Release|Any CPU
		{89A6DD8D-537E-4216-BD06-6C32A0188FED}.Ad-Hoc|iPhone.Deploy.0 = Release|Any CPU
		{89A6DD8D-537E-4216-BD06-6C32A0188FED}.Ad-Hoc|iPhoneSimulator.ActiveCfg = Release|Any CPU
		{89A6DD8D-537E-4216-BD06-6C32A0188FED}.Ad-Hoc|iPhoneSimulator.Build.0 = Release|Any CPU
		{89A6DD8D-537E-4216-BD06-6C32A0188FED}.Ad-Hoc|iPhoneSimulator.Deploy.0 = Release|Any CPU
		{89A6DD8D-537E-4216-BD06-6C32A0188FED}.Ad-Hoc|x64.ActiveCfg = Release|Any CPU
		{89A6DD8D-537E-4216-BD06-6C32A0188FED}.Ad-Hoc|x64.Build.0 = Release|Any CPU
		{89A6DD8D-537E-4216-BD06-6C32A0188FED}.Ad-Hoc|x64.Deploy.0 = Release|Any CPU
		{89A6DD8D-537E-4216-BD06-6C32A0188FED}.Ad-Hoc|x86.ActiveCfg = Release|Any CPU
		{89A6DD8D-537E-4216-BD06-6C32A0188FED}.Ad-Hoc|x86.Build.0 = Release|Any CPU
		{89A6DD8D-537E-4216-BD06-6C32A0188FED}.Ad-Hoc|x86.Deploy.0 = Release|Any CPU
		{89A6DD8D-537E-4216-BD06-6C32A0188FED}.AppStore|Any CPU.ActiveCfg = Release|Any CPU
		{89A6DD8D-537E-4216-BD06-6C32A0188FED}.AppStore|Any CPU.Build.0 = Release|Any CPU
		{89A6DD8D-537E-4216-BD06-6C32A0188FED}.AppStore|Any CPU.Deploy.0 = Release|Any CPU
		{89A6DD8D-537E-4216-BD06-6C32A0188FED}.AppStore|ARM.ActiveCfg = Release|Any CPU
		{89A6DD8D-537E-4216-BD06-6C32A0188FED}.AppStore|ARM.Build.0 = Release|Any CPU
		{89A6DD8D-537E-4216-BD06-6C32A0188FED}.AppStore|ARM.Deploy.0 = Release|Any CPU
		{89A6DD8D-537E-4216-BD06-6C32A0188FED}.AppStore|iPhone.ActiveCfg = Release|Any CPU
		{89A6DD8D-537E-4216-BD06-6C32A0188FED}.AppStore|iPhone.Build.0 = Release|Any CPU
		{89A6DD8D-537E-4216-BD06-6C32A0188FED}.AppStore|iPhone.Deploy.0 = Release|Any CPU
		{89A6DD8D-537E-4216-BD06-6C32A0188FED}.AppStore|iPhoneSimulator.ActiveCfg = Release|Any CPU
		{89A6DD8D-537E-4216-BD06-6C32A0188FED}.AppStore|iPhoneSimulator.Build.0 = Release|Any CPU
		{89A6DD8D-537E-4216-BD06-6C32A0188FED}.AppStore|iPhoneSimulator.Deploy.0 = Release|Any CPU
		{89A6DD8D-537E-4216-BD06-6C32A0188FED}.AppStore|x64.ActiveCfg = Release|Any CPU
		{89A6DD8D-537E-4216-BD06-6C32A0188FED}.AppStore|x64.Build.0 = Release|Any CPU
		{89A6DD8D-537E-4216-BD06-6C32A0188FED}.AppStore|x64.Deploy.0 = Release|Any CPU
		{89A6DD8D-537E-4216-BD06-6C32A0188FED}.AppStore|x86.ActiveCfg = Release|Any CPU
		{89A6DD8D-537E-4216-BD06-6C32A0188FED}.AppStore|x86.Build.0 = Release|Any CPU
		{89A6DD8D-537E-4216-BD06-6C32A0188FED}.AppStore|x86.Deploy.0 = Release|Any CPU
		{89A6DD8D-537E-4216-BD06-6C32A0188FED}.Debug|Any CPU.ActiveCfg = Debug|Any CPU
		{89A6DD8D-537E-4216-BD06-6C32A0188FED}.Debug|Any CPU.Build.0 = Debug|Any CPU
		{89A6DD8D-537E-4216-BD06-6C32A0188FED}.Debug|Any CPU.Deploy.0 = Debug|Any CPU
		{89A6DD8D-537E-4216-BD06-6C32A0188FED}.Debug|ARM.ActiveCfg = Debug|Any CPU
		{89A6DD8D-537E-4216-BD06-6C32A0188FED}.Debug|ARM.Build.0 = Debug|Any CPU
		{89A6DD8D-537E-4216-BD06-6C32A0188FED}.Debug|ARM.Deploy.0 = Debug|Any CPU
		{89A6DD8D-537E-4216-BD06-6C32A0188FED}.Debug|iPhone.ActiveCfg = Debug|Any CPU
		{89A6DD8D-537E-4216-BD06-6C32A0188FED}.Debug|iPhone.Build.0 = Debug|Any CPU
		{89A6DD8D-537E-4216-BD06-6C32A0188FED}.Debug|iPhone.Deploy.0 = Debug|Any CPU
		{89A6DD8D-537E-4216-BD06-6C32A0188FED}.Debug|iPhoneSimulator.ActiveCfg = Debug|Any CPU
		{89A6DD8D-537E-4216-BD06-6C32A0188FED}.Debug|iPhoneSimulator.Build.0 = Debug|Any CPU
		{89A6DD8D-537E-4216-BD06-6C32A0188FED}.Debug|iPhoneSimulator.Deploy.0 = Debug|Any CPU
		{89A6DD8D-537E-4216-BD06-6C32A0188FED}.Debug|x64.ActiveCfg = Debug|Any CPU
		{89A6DD8D-537E-4216-BD06-6C32A0188FED}.Debug|x64.Build.0 = Debug|Any CPU
		{89A6DD8D-537E-4216-BD06-6C32A0188FED}.Debug|x64.Deploy.0 = Debug|Any CPU
		{89A6DD8D-537E-4216-BD06-6C32A0188FED}.Debug|x86.ActiveCfg = Debug|Any CPU
		{89A6DD8D-537E-4216-BD06-6C32A0188FED}.Debug|x86.Build.0 = Debug|Any CPU
		{89A6DD8D-537E-4216-BD06-6C32A0188FED}.Debug|x86.Deploy.0 = Debug|Any CPU
		{89A6DD8D-537E-4216-BD06-6C32A0188FED}.Release|Any CPU.ActiveCfg = Release|Any CPU
		{89A6DD8D-537E-4216-BD06-6C32A0188FED}.Release|Any CPU.Build.0 = Release|Any CPU
		{89A6DD8D-537E-4216-BD06-6C32A0188FED}.Release|Any CPU.Deploy.0 = Release|Any CPU
		{89A6DD8D-537E-4216-BD06-6C32A0188FED}.Release|ARM.ActiveCfg = Release|Any CPU
		{89A6DD8D-537E-4216-BD06-6C32A0188FED}.Release|ARM.Build.0 = Release|Any CPU
		{89A6DD8D-537E-4216-BD06-6C32A0188FED}.Release|ARM.Deploy.0 = Release|Any CPU
		{89A6DD8D-537E-4216-BD06-6C32A0188FED}.Release|iPhone.ActiveCfg = Release|Any CPU
		{89A6DD8D-537E-4216-BD06-6C32A0188FED}.Release|iPhone.Build.0 = Release|Any CPU
		{89A6DD8D-537E-4216-BD06-6C32A0188FED}.Release|iPhone.Deploy.0 = Release|Any CPU
		{89A6DD8D-537E-4216-BD06-6C32A0188FED}.Release|iPhoneSimulator.ActiveCfg = Release|Any CPU
		{89A6DD8D-537E-4216-BD06-6C32A0188FED}.Release|iPhoneSimulator.Build.0 = Release|Any CPU
		{89A6DD8D-537E-4216-BD06-6C32A0188FED}.Release|iPhoneSimulator.Deploy.0 = Release|Any CPU
		{89A6DD8D-537E-4216-BD06-6C32A0188FED}.Release|x64.ActiveCfg = Release|Any CPU
		{89A6DD8D-537E-4216-BD06-6C32A0188FED}.Release|x64.Build.0 = Release|Any CPU
		{89A6DD8D-537E-4216-BD06-6C32A0188FED}.Release|x64.Deploy.0 = Release|Any CPU
		{89A6DD8D-537E-4216-BD06-6C32A0188FED}.Release|x86.ActiveCfg = Release|Any CPU
		{89A6DD8D-537E-4216-BD06-6C32A0188FED}.Release|x86.Build.0 = Release|Any CPU
		{89A6DD8D-537E-4216-BD06-6C32A0188FED}.Release|x86.Deploy.0 = Release|Any CPU
		{D1908FCB-8D56-4E32-B89D-BCE4A0A6132B}.Ad-Hoc|Any CPU.ActiveCfg = Ad-Hoc|iPhone
		{D1908FCB-8D56-4E32-B89D-BCE4A0A6132B}.Ad-Hoc|Any CPU.Build.0 = Ad-Hoc|iPhone
		{D1908FCB-8D56-4E32-B89D-BCE4A0A6132B}.Ad-Hoc|Any CPU.Deploy.0 = Ad-Hoc|iPhone
		{D1908FCB-8D56-4E32-B89D-BCE4A0A6132B}.Ad-Hoc|ARM.ActiveCfg = Ad-Hoc|iPhone
		{D1908FCB-8D56-4E32-B89D-BCE4A0A6132B}.Ad-Hoc|ARM.Build.0 = Ad-Hoc|iPhone
		{D1908FCB-8D56-4E32-B89D-BCE4A0A6132B}.Ad-Hoc|ARM.Deploy.0 = Ad-Hoc|iPhone
		{D1908FCB-8D56-4E32-B89D-BCE4A0A6132B}.Ad-Hoc|iPhone.ActiveCfg = Ad-Hoc|iPhone
		{D1908FCB-8D56-4E32-B89D-BCE4A0A6132B}.Ad-Hoc|iPhone.Build.0 = Ad-Hoc|iPhone
		{D1908FCB-8D56-4E32-B89D-BCE4A0A6132B}.Ad-Hoc|iPhone.Deploy.0 = Ad-Hoc|iPhone
		{D1908FCB-8D56-4E32-B89D-BCE4A0A6132B}.Ad-Hoc|iPhoneSimulator.ActiveCfg = Ad-Hoc|iPhoneSimulator
		{D1908FCB-8D56-4E32-B89D-BCE4A0A6132B}.Ad-Hoc|iPhoneSimulator.Build.0 = Ad-Hoc|iPhoneSimulator
		{D1908FCB-8D56-4E32-B89D-BCE4A0A6132B}.Ad-Hoc|iPhoneSimulator.Deploy.0 = Ad-Hoc|iPhoneSimulator
		{D1908FCB-8D56-4E32-B89D-BCE4A0A6132B}.Ad-Hoc|x64.ActiveCfg = Ad-Hoc|iPhone
		{D1908FCB-8D56-4E32-B89D-BCE4A0A6132B}.Ad-Hoc|x64.Build.0 = Ad-Hoc|iPhone
		{D1908FCB-8D56-4E32-B89D-BCE4A0A6132B}.Ad-Hoc|x64.Deploy.0 = Ad-Hoc|iPhone
		{D1908FCB-8D56-4E32-B89D-BCE4A0A6132B}.Ad-Hoc|x86.ActiveCfg = Ad-Hoc|iPhone
		{D1908FCB-8D56-4E32-B89D-BCE4A0A6132B}.Ad-Hoc|x86.Build.0 = Ad-Hoc|iPhone
		{D1908FCB-8D56-4E32-B89D-BCE4A0A6132B}.Ad-Hoc|x86.Deploy.0 = Ad-Hoc|iPhone
		{D1908FCB-8D56-4E32-B89D-BCE4A0A6132B}.AppStore|Any CPU.ActiveCfg = AppStore|iPhone
		{D1908FCB-8D56-4E32-B89D-BCE4A0A6132B}.AppStore|Any CPU.Build.0 = AppStore|iPhone
		{D1908FCB-8D56-4E32-B89D-BCE4A0A6132B}.AppStore|Any CPU.Deploy.0 = AppStore|iPhone
		{D1908FCB-8D56-4E32-B89D-BCE4A0A6132B}.AppStore|ARM.ActiveCfg = AppStore|iPhone
		{D1908FCB-8D56-4E32-B89D-BCE4A0A6132B}.AppStore|ARM.Build.0 = AppStore|iPhone
		{D1908FCB-8D56-4E32-B89D-BCE4A0A6132B}.AppStore|ARM.Deploy.0 = AppStore|iPhone
		{D1908FCB-8D56-4E32-B89D-BCE4A0A6132B}.AppStore|iPhone.ActiveCfg = AppStore|iPhone
		{D1908FCB-8D56-4E32-B89D-BCE4A0A6132B}.AppStore|iPhone.Build.0 = AppStore|iPhone
		{D1908FCB-8D56-4E32-B89D-BCE4A0A6132B}.AppStore|iPhone.Deploy.0 = AppStore|iPhone
		{D1908FCB-8D56-4E32-B89D-BCE4A0A6132B}.AppStore|iPhoneSimulator.ActiveCfg = AppStore|iPhoneSimulator
		{D1908FCB-8D56-4E32-B89D-BCE4A0A6132B}.AppStore|iPhoneSimulator.Build.0 = AppStore|iPhoneSimulator
		{D1908FCB-8D56-4E32-B89D-BCE4A0A6132B}.AppStore|iPhoneSimulator.Deploy.0 = AppStore|iPhoneSimulator
		{D1908FCB-8D56-4E32-B89D-BCE4A0A6132B}.AppStore|x64.ActiveCfg = AppStore|iPhone
		{D1908FCB-8D56-4E32-B89D-BCE4A0A6132B}.AppStore|x64.Build.0 = AppStore|iPhone
		{D1908FCB-8D56-4E32-B89D-BCE4A0A6132B}.AppStore|x64.Deploy.0 = AppStore|iPhone
		{D1908FCB-8D56-4E32-B89D-BCE4A0A6132B}.AppStore|x86.ActiveCfg = AppStore|iPhone
		{D1908FCB-8D56-4E32-B89D-BCE4A0A6132B}.AppStore|x86.Build.0 = AppStore|iPhone
		{D1908FCB-8D56-4E32-B89D-BCE4A0A6132B}.AppStore|x86.Deploy.0 = AppStore|iPhone
		{D1908FCB-8D56-4E32-B89D-BCE4A0A6132B}.Debug|Any CPU.ActiveCfg = Debug|iPhoneSimulator
		{D1908FCB-8D56-4E32-B89D-BCE4A0A6132B}.Debug|Any CPU.Build.0 = Debug|iPhoneSimulator
		{D1908FCB-8D56-4E32-B89D-BCE4A0A6132B}.Debug|Any CPU.Deploy.0 = Debug|iPhoneSimulator
		{D1908FCB-8D56-4E32-B89D-BCE4A0A6132B}.Debug|ARM.ActiveCfg = Debug|iPhone
		{D1908FCB-8D56-4E32-B89D-BCE4A0A6132B}.Debug|ARM.Build.0 = Debug|iPhone
		{D1908FCB-8D56-4E32-B89D-BCE4A0A6132B}.Debug|ARM.Deploy.0 = Debug|iPhone
		{D1908FCB-8D56-4E32-B89D-BCE4A0A6132B}.Debug|iPhone.ActiveCfg = Debug|iPhone
		{D1908FCB-8D56-4E32-B89D-BCE4A0A6132B}.Debug|iPhone.Build.0 = Debug|iPhone
		{D1908FCB-8D56-4E32-B89D-BCE4A0A6132B}.Debug|iPhone.Deploy.0 = Debug|iPhone
		{D1908FCB-8D56-4E32-B89D-BCE4A0A6132B}.Debug|iPhoneSimulator.ActiveCfg = Debug|iPhoneSimulator
		{D1908FCB-8D56-4E32-B89D-BCE4A0A6132B}.Debug|iPhoneSimulator.Build.0 = Debug|iPhoneSimulator
		{D1908FCB-8D56-4E32-B89D-BCE4A0A6132B}.Debug|iPhoneSimulator.Deploy.0 = Debug|iPhoneSimulator
		{D1908FCB-8D56-4E32-B89D-BCE4A0A6132B}.Debug|x64.ActiveCfg = Debug|iPhone
		{D1908FCB-8D56-4E32-B89D-BCE4A0A6132B}.Debug|x64.Build.0 = Debug|iPhone
		{D1908FCB-8D56-4E32-B89D-BCE4A0A6132B}.Debug|x64.Deploy.0 = Debug|iPhone
		{D1908FCB-8D56-4E32-B89D-BCE4A0A6132B}.Debug|x86.ActiveCfg = Debug|iPhone
		{D1908FCB-8D56-4E32-B89D-BCE4A0A6132B}.Debug|x86.Build.0 = Debug|iPhone
		{D1908FCB-8D56-4E32-B89D-BCE4A0A6132B}.Debug|x86.Deploy.0 = Debug|iPhone
		{D1908FCB-8D56-4E32-B89D-BCE4A0A6132B}.Release|Any CPU.ActiveCfg = Release|iPhone
		{D1908FCB-8D56-4E32-B89D-BCE4A0A6132B}.Release|Any CPU.Build.0 = Release|iPhone
		{D1908FCB-8D56-4E32-B89D-BCE4A0A6132B}.Release|Any CPU.Deploy.0 = Release|iPhone
		{D1908FCB-8D56-4E32-B89D-BCE4A0A6132B}.Release|ARM.ActiveCfg = Release|iPhone
		{D1908FCB-8D56-4E32-B89D-BCE4A0A6132B}.Release|ARM.Build.0 = Release|iPhone
		{D1908FCB-8D56-4E32-B89D-BCE4A0A6132B}.Release|ARM.Deploy.0 = Release|iPhone
		{D1908FCB-8D56-4E32-B89D-BCE4A0A6132B}.Release|iPhone.ActiveCfg = Release|iPhone
		{D1908FCB-8D56-4E32-B89D-BCE4A0A6132B}.Release|iPhone.Build.0 = Release|iPhone
		{D1908FCB-8D56-4E32-B89D-BCE4A0A6132B}.Release|iPhone.Deploy.0 = Release|iPhone
		{D1908FCB-8D56-4E32-B89D-BCE4A0A6132B}.Release|iPhoneSimulator.ActiveCfg = Release|iPhoneSimulator
		{D1908FCB-8D56-4E32-B89D-BCE4A0A6132B}.Release|iPhoneSimulator.Build.0 = Release|iPhoneSimulator
		{D1908FCB-8D56-4E32-B89D-BCE4A0A6132B}.Release|iPhoneSimulator.Deploy.0 = Release|iPhoneSimulator
		{D1908FCB-8D56-4E32-B89D-BCE4A0A6132B}.Release|x64.ActiveCfg = Release|iPhone
		{D1908FCB-8D56-4E32-B89D-BCE4A0A6132B}.Release|x64.Build.0 = Release|iPhone
		{D1908FCB-8D56-4E32-B89D-BCE4A0A6132B}.Release|x64.Deploy.0 = Release|iPhone
		{D1908FCB-8D56-4E32-B89D-BCE4A0A6132B}.Release|x86.ActiveCfg = Release|iPhone
		{D1908FCB-8D56-4E32-B89D-BCE4A0A6132B}.Release|x86.Build.0 = Release|iPhone
		{D1908FCB-8D56-4E32-B89D-BCE4A0A6132B}.Release|x86.Deploy.0 = Release|iPhone
		{CE40EA1B-3F1E-40A1-AE94-98AEBB4861C7}.Ad-Hoc|Any CPU.ActiveCfg = Release|x86
		{CE40EA1B-3F1E-40A1-AE94-98AEBB4861C7}.Ad-Hoc|Any CPU.Build.0 = Release|x86
		{CE40EA1B-3F1E-40A1-AE94-98AEBB4861C7}.Ad-Hoc|Any CPU.Deploy.0 = Release|x86
		{CE40EA1B-3F1E-40A1-AE94-98AEBB4861C7}.Ad-Hoc|ARM.ActiveCfg = Release|ARM
		{CE40EA1B-3F1E-40A1-AE94-98AEBB4861C7}.Ad-Hoc|ARM.Build.0 = Release|ARM
		{CE40EA1B-3F1E-40A1-AE94-98AEBB4861C7}.Ad-Hoc|ARM.Deploy.0 = Release|ARM
		{CE40EA1B-3F1E-40A1-AE94-98AEBB4861C7}.Ad-Hoc|iPhone.ActiveCfg = Release|x86
		{CE40EA1B-3F1E-40A1-AE94-98AEBB4861C7}.Ad-Hoc|iPhone.Build.0 = Release|x86
		{CE40EA1B-3F1E-40A1-AE94-98AEBB4861C7}.Ad-Hoc|iPhone.Deploy.0 = Release|x86
		{CE40EA1B-3F1E-40A1-AE94-98AEBB4861C7}.Ad-Hoc|iPhoneSimulator.ActiveCfg = Release|x86
		{CE40EA1B-3F1E-40A1-AE94-98AEBB4861C7}.Ad-Hoc|iPhoneSimulator.Build.0 = Release|x86
		{CE40EA1B-3F1E-40A1-AE94-98AEBB4861C7}.Ad-Hoc|iPhoneSimulator.Deploy.0 = Release|x86
		{CE40EA1B-3F1E-40A1-AE94-98AEBB4861C7}.Ad-Hoc|x64.ActiveCfg = Release|x64
		{CE40EA1B-3F1E-40A1-AE94-98AEBB4861C7}.Ad-Hoc|x64.Build.0 = Release|x64
		{CE40EA1B-3F1E-40A1-AE94-98AEBB4861C7}.Ad-Hoc|x64.Deploy.0 = Release|x64
		{CE40EA1B-3F1E-40A1-AE94-98AEBB4861C7}.Ad-Hoc|x86.ActiveCfg = Release|x86
		{CE40EA1B-3F1E-40A1-AE94-98AEBB4861C7}.Ad-Hoc|x86.Build.0 = Release|x86
		{CE40EA1B-3F1E-40A1-AE94-98AEBB4861C7}.Ad-Hoc|x86.Deploy.0 = Release|x86
		{CE40EA1B-3F1E-40A1-AE94-98AEBB4861C7}.AppStore|Any CPU.ActiveCfg = Release|x86
		{CE40EA1B-3F1E-40A1-AE94-98AEBB4861C7}.AppStore|Any CPU.Build.0 = Release|x86
		{CE40EA1B-3F1E-40A1-AE94-98AEBB4861C7}.AppStore|Any CPU.Deploy.0 = Release|x86
		{CE40EA1B-3F1E-40A1-AE94-98AEBB4861C7}.AppStore|ARM.ActiveCfg = Release|ARM
		{CE40EA1B-3F1E-40A1-AE94-98AEBB4861C7}.AppStore|ARM.Build.0 = Release|ARM
		{CE40EA1B-3F1E-40A1-AE94-98AEBB4861C7}.AppStore|ARM.Deploy.0 = Release|ARM
		{CE40EA1B-3F1E-40A1-AE94-98AEBB4861C7}.AppStore|iPhone.ActiveCfg = Release|x86
		{CE40EA1B-3F1E-40A1-AE94-98AEBB4861C7}.AppStore|iPhone.Build.0 = Release|x86
		{CE40EA1B-3F1E-40A1-AE94-98AEBB4861C7}.AppStore|iPhone.Deploy.0 = Release|x86
		{CE40EA1B-3F1E-40A1-AE94-98AEBB4861C7}.AppStore|iPhoneSimulator.ActiveCfg = Release|x86
		{CE40EA1B-3F1E-40A1-AE94-98AEBB4861C7}.AppStore|iPhoneSimulator.Build.0 = Release|x86
		{CE40EA1B-3F1E-40A1-AE94-98AEBB4861C7}.AppStore|iPhoneSimulator.Deploy.0 = Release|x86
		{CE40EA1B-3F1E-40A1-AE94-98AEBB4861C7}.AppStore|x64.ActiveCfg = Release|x64
		{CE40EA1B-3F1E-40A1-AE94-98AEBB4861C7}.AppStore|x64.Build.0 = Release|x64
		{CE40EA1B-3F1E-40A1-AE94-98AEBB4861C7}.AppStore|x64.Deploy.0 = Release|x64
		{CE40EA1B-3F1E-40A1-AE94-98AEBB4861C7}.AppStore|x86.ActiveCfg = Release|x86
		{CE40EA1B-3F1E-40A1-AE94-98AEBB4861C7}.AppStore|x86.Build.0 = Release|x86
		{CE40EA1B-3F1E-40A1-AE94-98AEBB4861C7}.AppStore|x86.Deploy.0 = Release|x86
		{CE40EA1B-3F1E-40A1-AE94-98AEBB4861C7}.Debug|Any CPU.ActiveCfg = Debug|x86
		{CE40EA1B-3F1E-40A1-AE94-98AEBB4861C7}.Debug|Any CPU.Build.0 = Debug|x86
		{CE40EA1B-3F1E-40A1-AE94-98AEBB4861C7}.Debug|Any CPU.Deploy.0 = Debug|x86
		{CE40EA1B-3F1E-40A1-AE94-98AEBB4861C7}.Debug|ARM.ActiveCfg = Debug|ARM
		{CE40EA1B-3F1E-40A1-AE94-98AEBB4861C7}.Debug|ARM.Build.0 = Debug|ARM
		{CE40EA1B-3F1E-40A1-AE94-98AEBB4861C7}.Debug|ARM.Deploy.0 = Debug|ARM
		{CE40EA1B-3F1E-40A1-AE94-98AEBB4861C7}.Debug|iPhone.ActiveCfg = Debug|x86
		{CE40EA1B-3F1E-40A1-AE94-98AEBB4861C7}.Debug|iPhone.Build.0 = Debug|x86
		{CE40EA1B-3F1E-40A1-AE94-98AEBB4861C7}.Debug|iPhone.Deploy.0 = Debug|x86
		{CE40EA1B-3F1E-40A1-AE94-98AEBB4861C7}.Debug|iPhoneSimulator.ActiveCfg = Debug|x86
		{CE40EA1B-3F1E-40A1-AE94-98AEBB4861C7}.Debug|iPhoneSimulator.Build.0 = Debug|x86
		{CE40EA1B-3F1E-40A1-AE94-98AEBB4861C7}.Debug|iPhoneSimulator.Deploy.0 = Debug|x86
		{CE40EA1B-3F1E-40A1-AE94-98AEBB4861C7}.Debug|x64.ActiveCfg = Debug|x64
		{CE40EA1B-3F1E-40A1-AE94-98AEBB4861C7}.Debug|x64.Build.0 = Debug|x64
		{CE40EA1B-3F1E-40A1-AE94-98AEBB4861C7}.Debug|x64.Deploy.0 = Debug|x64
		{CE40EA1B-3F1E-40A1-AE94-98AEBB4861C7}.Debug|x86.ActiveCfg = Debug|x86
		{CE40EA1B-3F1E-40A1-AE94-98AEBB4861C7}.Debug|x86.Build.0 = Debug|x86
		{CE40EA1B-3F1E-40A1-AE94-98AEBB4861C7}.Debug|x86.Deploy.0 = Debug|x86
		{CE40EA1B-3F1E-40A1-AE94-98AEBB4861C7}.Release|Any CPU.ActiveCfg = Release|x86
		{CE40EA1B-3F1E-40A1-AE94-98AEBB4861C7}.Release|Any CPU.Build.0 = Release|x86
		{CE40EA1B-3F1E-40A1-AE94-98AEBB4861C7}.Release|Any CPU.Deploy.0 = Release|x86
		{CE40EA1B-3F1E-40A1-AE94-98AEBB4861C7}.Release|ARM.ActiveCfg = Release|ARM
		{CE40EA1B-3F1E-40A1-AE94-98AEBB4861C7}.Release|ARM.Build.0 = Release|ARM
		{CE40EA1B-3F1E-40A1-AE94-98AEBB4861C7}.Release|ARM.Deploy.0 = Release|ARM
		{CE40EA1B-3F1E-40A1-AE94-98AEBB4861C7}.Release|iPhone.ActiveCfg = Release|x86
		{CE40EA1B-3F1E-40A1-AE94-98AEBB4861C7}.Release|iPhone.Build.0 = Release|x86
		{CE40EA1B-3F1E-40A1-AE94-98AEBB4861C7}.Release|iPhone.Deploy.0 = Release|x86
		{CE40EA1B-3F1E-40A1-AE94-98AEBB4861C7}.Release|iPhoneSimulator.ActiveCfg = Release|x86
		{CE40EA1B-3F1E-40A1-AE94-98AEBB4861C7}.Release|iPhoneSimulator.Build.0 = Release|x86
		{CE40EA1B-3F1E-40A1-AE94-98AEBB4861C7}.Release|iPhoneSimulator.Deploy.0 = Release|x86
		{CE40EA1B-3F1E-40A1-AE94-98AEBB4861C7}.Release|x64.ActiveCfg = Release|x64
		{CE40EA1B-3F1E-40A1-AE94-98AEBB4861C7}.Release|x64.Build.0 = Release|x64
		{CE40EA1B-3F1E-40A1-AE94-98AEBB4861C7}.Release|x64.Deploy.0 = Release|x64
		{CE40EA1B-3F1E-40A1-AE94-98AEBB4861C7}.Release|x86.ActiveCfg = Release|x86
		{CE40EA1B-3F1E-40A1-AE94-98AEBB4861C7}.Release|x86.Build.0 = Release|x86
		{CE40EA1B-3F1E-40A1-AE94-98AEBB4861C7}.Release|x86.Deploy.0 = Release|x86
		{E29D37CD-E2AB-4AFA-8E79-2117496069C8}.Ad-Hoc|Any CPU.ActiveCfg = Debug|Any CPU
		{E29D37CD-E2AB-4AFA-8E79-2117496069C8}.Ad-Hoc|Any CPU.Build.0 = Debug|Any CPU
		{E29D37CD-E2AB-4AFA-8E79-2117496069C8}.Ad-Hoc|Any CPU.Deploy.0 = Debug|Any CPU
		{E29D37CD-E2AB-4AFA-8E79-2117496069C8}.Ad-Hoc|ARM.ActiveCfg = Debug|Any CPU
		{E29D37CD-E2AB-4AFA-8E79-2117496069C8}.Ad-Hoc|ARM.Build.0 = Debug|Any CPU
		{E29D37CD-E2AB-4AFA-8E79-2117496069C8}.Ad-Hoc|ARM.Deploy.0 = Debug|Any CPU
		{E29D37CD-E2AB-4AFA-8E79-2117496069C8}.Ad-Hoc|iPhone.ActiveCfg = Debug|Any CPU
		{E29D37CD-E2AB-4AFA-8E79-2117496069C8}.Ad-Hoc|iPhone.Build.0 = Debug|Any CPU
		{E29D37CD-E2AB-4AFA-8E79-2117496069C8}.Ad-Hoc|iPhone.Deploy.0 = Debug|Any CPU
		{E29D37CD-E2AB-4AFA-8E79-2117496069C8}.Ad-Hoc|iPhoneSimulator.ActiveCfg = Debug|Any CPU
		{E29D37CD-E2AB-4AFA-8E79-2117496069C8}.Ad-Hoc|iPhoneSimulator.Build.0 = Debug|Any CPU
		{E29D37CD-E2AB-4AFA-8E79-2117496069C8}.Ad-Hoc|iPhoneSimulator.Deploy.0 = Debug|Any CPU
		{E29D37CD-E2AB-4AFA-8E79-2117496069C8}.Ad-Hoc|x64.ActiveCfg = Debug|Any CPU
		{E29D37CD-E2AB-4AFA-8E79-2117496069C8}.Ad-Hoc|x64.Build.0 = Debug|Any CPU
		{E29D37CD-E2AB-4AFA-8E79-2117496069C8}.Ad-Hoc|x64.Deploy.0 = Debug|Any CPU
		{E29D37CD-E2AB-4AFA-8E79-2117496069C8}.Ad-Hoc|x86.ActiveCfg = Debug|Any CPU
		{E29D37CD-E2AB-4AFA-8E79-2117496069C8}.Ad-Hoc|x86.Build.0 = Debug|Any CPU
		{E29D37CD-E2AB-4AFA-8E79-2117496069C8}.Ad-Hoc|x86.Deploy.0 = Debug|Any CPU
		{E29D37CD-E2AB-4AFA-8E79-2117496069C8}.AppStore|Any CPU.ActiveCfg = Debug|Any CPU
		{E29D37CD-E2AB-4AFA-8E79-2117496069C8}.AppStore|Any CPU.Build.0 = Debug|Any CPU
		{E29D37CD-E2AB-4AFA-8E79-2117496069C8}.AppStore|Any CPU.Deploy.0 = Debug|Any CPU
		{E29D37CD-E2AB-4AFA-8E79-2117496069C8}.AppStore|ARM.ActiveCfg = Debug|Any CPU
		{E29D37CD-E2AB-4AFA-8E79-2117496069C8}.AppStore|ARM.Build.0 = Debug|Any CPU
		{E29D37CD-E2AB-4AFA-8E79-2117496069C8}.AppStore|ARM.Deploy.0 = Debug|Any CPU
		{E29D37CD-E2AB-4AFA-8E79-2117496069C8}.AppStore|iPhone.ActiveCfg = Debug|Any CPU
		{E29D37CD-E2AB-4AFA-8E79-2117496069C8}.AppStore|iPhone.Build.0 = Debug|Any CPU
		{E29D37CD-E2AB-4AFA-8E79-2117496069C8}.AppStore|iPhone.Deploy.0 = Debug|Any CPU
		{E29D37CD-E2AB-4AFA-8E79-2117496069C8}.AppStore|iPhoneSimulator.ActiveCfg = Debug|Any CPU
		{E29D37CD-E2AB-4AFA-8E79-2117496069C8}.AppStore|iPhoneSimulator.Build.0 = Debug|Any CPU
		{E29D37CD-E2AB-4AFA-8E79-2117496069C8}.AppStore|iPhoneSimulator.Deploy.0 = Debug|Any CPU
		{E29D37CD-E2AB-4AFA-8E79-2117496069C8}.AppStore|x64.ActiveCfg = Debug|Any CPU
		{E29D37CD-E2AB-4AFA-8E79-2117496069C8}.AppStore|x64.Build.0 = Debug|Any CPU
		{E29D37CD-E2AB-4AFA-8E79-2117496069C8}.AppStore|x64.Deploy.0 = Debug|Any CPU
		{E29D37CD-E2AB-4AFA-8E79-2117496069C8}.AppStore|x86.ActiveCfg = Debug|Any CPU
		{E29D37CD-E2AB-4AFA-8E79-2117496069C8}.AppStore|x86.Build.0 = Debug|Any CPU
		{E29D37CD-E2AB-4AFA-8E79-2117496069C8}.AppStore|x86.Deploy.0 = Debug|Any CPU
		{E29D37CD-E2AB-4AFA-8E79-2117496069C8}.Debug|Any CPU.ActiveCfg = Debug|Any CPU
		{E29D37CD-E2AB-4AFA-8E79-2117496069C8}.Debug|Any CPU.Build.0 = Debug|Any CPU
		{E29D37CD-E2AB-4AFA-8E79-2117496069C8}.Debug|Any CPU.Deploy.0 = Debug|Any CPU
		{E29D37CD-E2AB-4AFA-8E79-2117496069C8}.Debug|ARM.ActiveCfg = Debug|Any CPU
		{E29D37CD-E2AB-4AFA-8E79-2117496069C8}.Debug|ARM.Build.0 = Debug|Any CPU
		{E29D37CD-E2AB-4AFA-8E79-2117496069C8}.Debug|ARM.Deploy.0 = Debug|Any CPU
		{E29D37CD-E2AB-4AFA-8E79-2117496069C8}.Debug|iPhone.ActiveCfg = Debug|Any CPU
		{E29D37CD-E2AB-4AFA-8E79-2117496069C8}.Debug|iPhone.Build.0 = Debug|Any CPU
		{E29D37CD-E2AB-4AFA-8E79-2117496069C8}.Debug|iPhone.Deploy.0 = Debug|Any CPU
		{E29D37CD-E2AB-4AFA-8E79-2117496069C8}.Debug|iPhoneSimulator.ActiveCfg = Debug|Any CPU
		{E29D37CD-E2AB-4AFA-8E79-2117496069C8}.Debug|iPhoneSimulator.Build.0 = Debug|Any CPU
		{E29D37CD-E2AB-4AFA-8E79-2117496069C8}.Debug|iPhoneSimulator.Deploy.0 = Debug|Any CPU
		{E29D37CD-E2AB-4AFA-8E79-2117496069C8}.Debug|x64.ActiveCfg = Debug|Any CPU
		{E29D37CD-E2AB-4AFA-8E79-2117496069C8}.Debug|x64.Build.0 = Debug|Any CPU
		{E29D37CD-E2AB-4AFA-8E79-2117496069C8}.Debug|x64.Deploy.0 = Debug|Any CPU
		{E29D37CD-E2AB-4AFA-8E79-2117496069C8}.Debug|x86.ActiveCfg = Debug|Any CPU
		{E29D37CD-E2AB-4AFA-8E79-2117496069C8}.Debug|x86.Build.0 = Debug|Any CPU
		{E29D37CD-E2AB-4AFA-8E79-2117496069C8}.Debug|x86.Deploy.0 = Debug|Any CPU
		{E29D37CD-E2AB-4AFA-8E79-2117496069C8}.Release|Any CPU.ActiveCfg = Release|Any CPU
		{E29D37CD-E2AB-4AFA-8E79-2117496069C8}.Release|Any CPU.Build.0 = Release|Any CPU
		{E29D37CD-E2AB-4AFA-8E79-2117496069C8}.Release|Any CPU.Deploy.0 = Release|Any CPU
		{E29D37CD-E2AB-4AFA-8E79-2117496069C8}.Release|ARM.ActiveCfg = Release|Any CPU
		{E29D37CD-E2AB-4AFA-8E79-2117496069C8}.Release|ARM.Build.0 = Release|Any CPU
		{E29D37CD-E2AB-4AFA-8E79-2117496069C8}.Release|ARM.Deploy.0 = Release|Any CPU
		{E29D37CD-E2AB-4AFA-8E79-2117496069C8}.Release|iPhone.ActiveCfg = Release|Any CPU
		{E29D37CD-E2AB-4AFA-8E79-2117496069C8}.Release|iPhone.Build.0 = Release|Any CPU
		{E29D37CD-E2AB-4AFA-8E79-2117496069C8}.Release|iPhone.Deploy.0 = Release|Any CPU
		{E29D37CD-E2AB-4AFA-8E79-2117496069C8}.Release|iPhoneSimulator.ActiveCfg = Release|Any CPU
		{E29D37CD-E2AB-4AFA-8E79-2117496069C8}.Release|iPhoneSimulator.Build.0 = Release|Any CPU
		{E29D37CD-E2AB-4AFA-8E79-2117496069C8}.Release|iPhoneSimulator.Deploy.0 = Release|Any CPU
		{E29D37CD-E2AB-4AFA-8E79-2117496069C8}.Release|x64.ActiveCfg = Release|Any CPU
		{E29D37CD-E2AB-4AFA-8E79-2117496069C8}.Release|x64.Build.0 = Release|Any CPU
		{E29D37CD-E2AB-4AFA-8E79-2117496069C8}.Release|x64.Deploy.0 = Release|Any CPU
		{E29D37CD-E2AB-4AFA-8E79-2117496069C8}.Release|x86.ActiveCfg = Release|Any CPU
		{E29D37CD-E2AB-4AFA-8E79-2117496069C8}.Release|x86.Build.0 = Release|Any CPU
		{E29D37CD-E2AB-4AFA-8E79-2117496069C8}.Release|x86.Deploy.0 = Release|Any CPU
	EndGlobalSection
	GlobalSection(SolutionProperties) = preSolution
		HideSolutionNode = FALSE
	EndGlobalSection
	GlobalSection(ExtensibilityGlobals) = postSolution
		SolutionGuid = {B27BFEF8-B9DC-4336-A3DC-F335232418CA}
	EndGlobalSection
EndGlobal
