
Microsoft Visual Studio Solution File, Format Version 12.00
# Visual Studio 15
VisualStudioVersion = 15.0.28307.572
MinimumVisualStudioVersion = 10.0.40219.1
Project("{FAE04EC0-301F-11D3-BF4B-00C04F79EFBC}") = "JUEGO.Android", "JUEGO\JUEGO.Android\JUEGO.Android.csproj", "{1C254F5A-26A5-4DBD-A1C7-4A01EA80520A}"
EndProject
Project("{FAE04EC0-301F-11D3-BF4B-00C04F79EFBC}") = "JUEGO.iOS", "JUEGO\JUEGO.iOS\JUEGO.iOS.csproj", "{6C29522F-20C6-43EC-B220-31379060C50F}"
EndProject
Project("{FAE04EC0-301F-11D3-BF4B-00C04F79EFBC}") = "JUEGO.UWP", "JUEGO\JUEGO.UWP\JUEGO.UWP.csproj", "{5EA5C45C-78F6-407B-BFCF-73AC22CD9521}"
EndProject
Project("{FAE04EC0-301F-11D3-BF4B-00C04F79EFBC}") = "JUEGO", "JUEGO\JUEGO\JUEGO.csproj", "{7FFCB4B9-4338-4658-8784-0D021218DE34}"
EndProject
Global
	GlobalSection(SolutionConfigurationPlatforms) = preSolution
		Ad-Hoc|Any CPU = Ad-Hoc|Any CPU
		Ad-Hoc|ARM = Ad-Hoc|ARM
		Ad-Hoc|iPhone = Ad-Hoc|iPhone
		Ad-Hoc|iPhoneSimulator = Ad-Hoc|iPhoneSimulator
		Ad-Hoc|x64 = Ad-Hoc|x64
		Ad-Hoc|x86 = Ad-Hoc|x86
		AppStore|Any CPU = AppStore|Any CPU
		AppStore|ARM = AppStore|ARM
		AppStore|iPhone = AppStore|iPhone
		AppStore|iPhoneSimulator = AppStore|iPhoneSimulator
		AppStore|x64 = AppStore|x64
		AppStore|x86 = AppStore|x86
		Debug|Any CPU = Debug|Any CPU
		Debug|ARM = Debug|ARM
		Debug|iPhone = Debug|iPhone
		Debug|iPhoneSimulator = Debug|iPhoneSimulator
		Debug|x64 = Debug|x64
		Debug|x86 = Debug|x86
		Release|Any CPU = Release|Any CPU
		Release|ARM = Release|ARM
		Release|iPhone = Release|iPhone
		Release|iPhoneSimulator = Release|iPhoneSimulator
		Release|x64 = Release|x64
		Release|x86 = Release|x86
	EndGlobalSection
	GlobalSection(ProjectConfigurationPlatforms) = postSolution
		{1C254F5A-26A5-4DBD-A1C7-4A01EA80520A}.Ad-Hoc|Any CPU.ActiveCfg = Release|Any CPU
		{1C254F5A-26A5-4DBD-A1C7-4A01EA80520A}.Ad-Hoc|Any CPU.Build.0 = Release|Any CPU
		{1C254F5A-26A5-4DBD-A1C7-4A01EA80520A}.Ad-Hoc|Any CPU.Deploy.0 = Release|Any CPU
		{1C254F5A-26A5-4DBD-A1C7-4A01EA80520A}.Ad-Hoc|ARM.ActiveCfg = Release|Any CPU
		{1C254F5A-26A5-4DBD-A1C7-4A01EA80520A}.Ad-Hoc|ARM.Build.0 = Release|Any CPU
		{1C254F5A-26A5-4DBD-A1C7-4A01EA80520A}.Ad-Hoc|ARM.Deploy.0 = Release|Any CPU
		{1C254F5A-26A5-4DBD-A1C7-4A01EA80520A}.Ad-Hoc|iPhone.ActiveCfg = Release|Any CPU
		{1C254F5A-26A5-4DBD-A1C7-4A01EA80520A}.Ad-Hoc|iPhone.Build.0 = Release|Any CPU
		{1C254F5A-26A5-4DBD-A1C7-4A01EA80520A}.Ad-Hoc|iPhone.Deploy.0 = Release|Any CPU
		{1C254F5A-26A5-4DBD-A1C7-4A01EA80520A}.Ad-Hoc|iPhoneSimulator.ActiveCfg = Release|Any CPU
		{1C254F5A-26A5-4DBD-A1C7-4A01EA80520A}.Ad-Hoc|iPhoneSimulator.Build.0 = Release|Any CPU
		{1C254F5A-26A5-4DBD-A1C7-4A01EA80520A}.Ad-Hoc|iPhoneSimulator.Deploy.0 = Release|Any CPU
		{1C254F5A-26A5-4DBD-A1C7-4A01EA80520A}.Ad-Hoc|x64.ActiveCfg = Release|Any CPU
		{1C254F5A-26A5-4DBD-A1C7-4A01EA80520A}.Ad-Hoc|x64.Build.0 = Release|Any CPU
		{1C254F5A-26A5-4DBD-A1C7-4A01EA80520A}.Ad-Hoc|x64.Deploy.0 = Release|Any CPU
		{1C254F5A-26A5-4DBD-A1C7-4A01EA80520A}.Ad-Hoc|x86.ActiveCfg = Release|Any CPU
		{1C254F5A-26A5-4DBD-A1C7-4A01EA80520A}.Ad-Hoc|x86.Build.0 = Release|Any CPU
		{1C254F5A-26A5-4DBD-A1C7-4A01EA80520A}.Ad-Hoc|x86.Deploy.0 = Release|Any CPU
		{1C254F5A-26A5-4DBD-A1C7-4A01EA80520A}.AppStore|Any CPU.ActiveCfg = Release|Any CPU
		{1C254F5A-26A5-4DBD-A1C7-4A01EA80520A}.AppStore|Any CPU.Build.0 = Release|Any CPU
		{1C254F5A-26A5-4DBD-A1C7-4A01EA80520A}.AppStore|Any CPU.Deploy.0 = Release|Any CPU
		{1C254F5A-26A5-4DBD-A1C7-4A01EA80520A}.AppStore|ARM.ActiveCfg = Release|Any CPU
		{1C254F5A-26A5-4DBD-A1C7-4A01EA80520A}.AppStore|ARM.Build.0 = Release|Any CPU
		{1C254F5A-26A5-4DBD-A1C7-4A01EA80520A}.AppStore|ARM.Deploy.0 = Release|Any CPU
		{1C254F5A-26A5-4DBD-A1C7-4A01EA80520A}.AppStore|iPhone.ActiveCfg = Release|Any CPU
		{1C254F5A-26A5-4DBD-A1C7-4A01EA80520A}.AppStore|iPhone.Build.0 = Release|Any CPU
		{1C254F5A-26A5-4DBD-A1C7-4A01EA80520A}.AppStore|iPhone.Deploy.0 = Release|Any CPU
		{1C254F5A-26A5-4DBD-A1C7-4A01EA80520A}.AppStore|iPhoneSimulator.ActiveCfg = Release|Any CPU
		{1C254F5A-26A5-4DBD-A1C7-4A01EA80520A}.AppStore|iPhoneSimulator.Build.0 = Release|Any CPU
		{1C254F5A-26A5-4DBD-A1C7-4A01EA80520A}.AppStore|iPhoneSimulator.Deploy.0 = Release|Any CPU
		{1C254F5A-26A5-4DBD-A1C7-4A01EA80520A}.AppStore|x64.ActiveCfg = Release|Any CPU
		{1C254F5A-26A5-4DBD-A1C7-4A01EA80520A}.AppStore|x64.Build.0 = Release|Any CPU
		{1C254F5A-26A5-4DBD-A1C7-4A01EA80520A}.AppStore|x64.Deploy.0 = Release|Any CPU
		{1C254F5A-26A5-4DBD-A1C7-4A01EA80520A}.AppStore|x86.ActiveCfg = Release|Any CPU
		{1C254F5A-26A5-4DBD-A1C7-4A01EA80520A}.AppStore|x86.Build.0 = Release|Any CPU
		{1C254F5A-26A5-4DBD-A1C7-4A01EA80520A}.AppStore|x86.Deploy.0 = Release|Any CPU
		{1C254F5A-26A5-4DBD-A1C7-4A01EA80520A}.Debug|Any CPU.ActiveCfg = Debug|Any CPU
		{1C254F5A-26A5-4DBD-A1C7-4A01EA80520A}.Debug|Any CPU.Build.0 = Debug|Any CPU
		{1C254F5A-26A5-4DBD-A1C7-4A01EA80520A}.Debug|Any CPU.Deploy.0 = Debug|Any CPU
		{1C254F5A-26A5-4DBD-A1C7-4A01EA80520A}.Debug|ARM.ActiveCfg = Debug|Any CPU
		{1C254F5A-26A5-4DBD-A1C7-4A01EA80520A}.Debug|ARM.Build.0 = Debug|Any CPU
		{1C254F5A-26A5-4DBD-A1C7-4A01EA80520A}.Debug|ARM.Deploy.0 = Debug|Any CPU
		{1C254F5A-26A5-4DBD-A1C7-4A01EA80520A}.Debug|iPhone.ActiveCfg = Debug|Any CPU
		{1C254F5A-26A5-4DBD-A1C7-4A01EA80520A}.Debug|iPhone.Build.0 = Debug|Any CPU
		{1C254F5A-26A5-4DBD-A1C7-4A01EA80520A}.Debug|iPhone.Deploy.0 = Debug|Any CPU
		{1C254F5A-26A5-4DBD-A1C7-4A01EA80520A}.Debug|iPhoneSimulator.ActiveCfg = Debug|Any CPU
		{1C254F5A-26A5-4DBD-A1C7-4A01EA80520A}.Debug|iPhoneSimulator.Build.0 = Debug|Any CPU
		{1C254F5A-26A5-4DBD-A1C7-4A01EA80520A}.Debug|iPhoneSimulator.Deploy.0 = Debug|Any CPU
		{1C254F5A-26A5-4DBD-A1C7-4A01EA80520A}.Debug|x64.ActiveCfg = Debug|Any CPU
		{1C254F5A-26A5-4DBD-A1C7-4A01EA80520A}.Debug|x64.Build.0 = Debug|Any CPU
		{1C254F5A-26A5-4DBD-A1C7-4A01EA80520A}.Debug|x64.Deploy.0 = Debug|Any CPU
		{1C254F5A-26A5-4DBD-A1C7-4A01EA80520A}.Debug|x86.ActiveCfg = Debug|Any CPU
		{1C254F5A-26A5-4DBD-A1C7-4A01EA80520A}.Debug|x86.Build.0 = Debug|Any CPU
		{1C254F5A-26A5-4DBD-A1C7-4A01EA80520A}.Debug|x86.Deploy.0 = Debug|Any CPU
		{1C254F5A-26A5-4DBD-A1C7-4A01EA80520A}.Release|Any CPU.ActiveCfg = Release|Any CPU
		{1C254F5A-26A5-4DBD-A1C7-4A01EA80520A}.Release|Any CPU.Build.0 = Release|Any CPU
		{1C254F5A-26A5-4DBD-A1C7-4A01EA80520A}.Release|Any CPU.Deploy.0 = Release|Any CPU
		{1C254F5A-26A5-4DBD-A1C7-4A01EA80520A}.Release|ARM.ActiveCfg = Release|Any CPU
		{1C254F5A-26A5-4DBD-A1C7-4A01EA80520A}.Release|ARM.Build.0 = Release|Any CPU
		{1C254F5A-26A5-4DBD-A1C7-4A01EA80520A}.Release|ARM.Deploy.0 = Release|Any CPU
		{1C254F5A-26A5-4DBD-A1C7-4A01EA80520A}.Release|iPhone.ActiveCfg = Release|Any CPU
		{1C254F5A-26A5-4DBD-A1C7-4A01EA80520A}.Release|iPhone.Build.0 = Release|Any CPU
		{1C254F5A-26A5-4DBD-A1C7-4A01EA80520A}.Release|iPhone.Deploy.0 = Release|Any CPU
		{1C254F5A-26A5-4DBD-A1C7-4A01EA80520A}.Release|iPhoneSimulator.ActiveCfg = Release|Any CPU
		{1C254F5A-26A5-4DBD-A1C7-4A01EA80520A}.Release|iPhoneSimulator.Build.0 = Release|Any CPU
		{1C254F5A-26A5-4DBD-A1C7-4A01EA80520A}.Release|iPhoneSimulator.Deploy.0 = Release|Any CPU
		{1C254F5A-26A5-4DBD-A1C7-4A01EA80520A}.Release|x64.ActiveCfg = Release|Any CPU
		{1C254F5A-26A5-4DBD-A1C7-4A01EA80520A}.Release|x64.Build.0 = Release|Any CPU
		{1C254F5A-26A5-4DBD-A1C7-4A01EA80520A}.Release|x64.Deploy.0 = Release|Any CPU
		{1C254F5A-26A5-4DBD-A1C7-4A01EA80520A}.Release|x86.ActiveCfg = Release|Any CPU
		{1C254F5A-26A5-4DBD-A1C7-4A01EA80520A}.Release|x86.Build.0 = Release|Any CPU
		{1C254F5A-26A5-4DBD-A1C7-4A01EA80520A}.Release|x86.Deploy.0 = Release|Any CPU
		{6C29522F-20C6-43EC-B220-31379060C50F}.Ad-Hoc|Any CPU.ActiveCfg = Ad-Hoc|iPhone
		{6C29522F-20C6-43EC-B220-31379060C50F}.Ad-Hoc|Any CPU.Build.0 = Ad-Hoc|iPhone
		{6C29522F-20C6-43EC-B220-31379060C50F}.Ad-Hoc|Any CPU.Deploy.0 = Ad-Hoc|iPhone
		{6C29522F-20C6-43EC-B220-31379060C50F}.Ad-Hoc|ARM.ActiveCfg = Ad-Hoc|iPhone
		{6C29522F-20C6-43EC-B220-31379060C50F}.Ad-Hoc|ARM.Build.0 = Ad-Hoc|iPhone
		{6C29522F-20C6-43EC-B220-31379060C50F}.Ad-Hoc|ARM.Deploy.0 = Ad-Hoc|iPhone
		{6C29522F-20C6-43EC-B220-31379060C50F}.Ad-Hoc|iPhone.ActiveCfg = Ad-Hoc|iPhone
		{6C29522F-20C6-43EC-B220-31379060C50F}.Ad-Hoc|iPhone.Build.0 = Ad-Hoc|iPhone
		{6C29522F-20C6-43EC-B220-31379060C50F}.Ad-Hoc|iPhone.Deploy.0 = Ad-Hoc|iPhone
		{6C29522F-20C6-43EC-B220-31379060C50F}.Ad-Hoc|iPhoneSimulator.ActiveCfg = Ad-Hoc|iPhoneSimulator
		{6C29522F-20C6-43EC-B220-31379060C50F}.Ad-Hoc|iPhoneSimulator.Build.0 = Ad-Hoc|iPhoneSimulator
		{6C29522F-20C6-43EC-B220-31379060C50F}.Ad-Hoc|iPhoneSimulator.Deploy.0 = Ad-Hoc|iPhoneSimulator
		{6C29522F-20C6-43EC-B220-31379060C50F}.Ad-Hoc|x64.ActiveCfg = Ad-Hoc|iPhone
		{6C29522F-20C6-43EC-B220-31379060C50F}.Ad-Hoc|x64.Build.0 = Ad-Hoc|iPhone
		{6C29522F-20C6-43EC-B220-31379060C50F}.Ad-Hoc|x64.Deploy.0 = Ad-Hoc|iPhone
		{6C29522F-20C6-43EC-B220-31379060C50F}.Ad-Hoc|x86.ActiveCfg = Ad-Hoc|iPhone
		{6C29522F-20C6-43EC-B220-31379060C50F}.Ad-Hoc|x86.Build.0 = Ad-Hoc|iPhone
		{6C29522F-20C6-43EC-B220-31379060C50F}.Ad-Hoc|x86.Deploy.0 = Ad-Hoc|iPhone
		{6C29522F-20C6-43EC-B220-31379060C50F}.AppStore|Any CPU.ActiveCfg = AppStore|iPhone
		{6C29522F-20C6-43EC-B220-31379060C50F}.AppStore|Any CPU.Build.0 = AppStore|iPhone
		{6C29522F-20C6-43EC-B220-31379060C50F}.AppStore|Any CPU.Deploy.0 = AppStore|iPhone
		{6C29522F-20C6-43EC-B220-31379060C50F}.AppStore|ARM.ActiveCfg = AppStore|iPhone
		{6C29522F-20C6-43EC-B220-31379060C50F}.AppStore|ARM.Build.0 = AppStore|iPhone
		{6C29522F-20C6-43EC-B220-31379060C50F}.AppStore|ARM.Deploy.0 = AppStore|iPhone
		{6C29522F-20C6-43EC-B220-31379060C50F}.AppStore|iPhone.ActiveCfg = AppStore|iPhone
		{6C29522F-20C6-43EC-B220-31379060C50F}.AppStore|iPhone.Build.0 = AppStore|iPhone
		{6C29522F-20C6-43EC-B220-31379060C50F}.AppStore|iPhone.Deploy.0 = AppStore|iPhone
		{6C29522F-20C6-43EC-B220-31379060C50F}.AppStore|iPhoneSimulator.ActiveCfg = AppStore|iPhoneSimulator
		{6C29522F-20C6-43EC-B220-31379060C50F}.AppStore|iPhoneSimulator.Build.0 = AppStore|iPhoneSimulator
		{6C29522F-20C6-43EC-B220-31379060C50F}.AppStore|iPhoneSimulator.Deploy.0 = AppStore|iPhoneSimulator
		{6C29522F-20C6-43EC-B220-31379060C50F}.AppStore|x64.ActiveCfg = AppStore|iPhone
		{6C29522F-20C6-43EC-B220-31379060C50F}.AppStore|x64.Build.0 = AppStore|iPhone
		{6C29522F-20C6-43EC-B220-31379060C50F}.AppStore|x64.Deploy.0 = AppStore|iPhone
		{6C29522F-20C6-43EC-B220-31379060C50F}.AppStore|x86.ActiveCfg = AppStore|iPhone
		{6C29522F-20C6-43EC-B220-31379060C50F}.AppStore|x86.Build.0 = AppStore|iPhone
		{6C29522F-20C6-43EC-B220-31379060C50F}.AppStore|x86.Deploy.0 = AppStore|iPhone
		{6C29522F-20C6-43EC-B220-31379060C50F}.Debug|Any CPU.ActiveCfg = Debug|iPhoneSimulator
		{6C29522F-20C6-43EC-B220-31379060C50F}.Debug|Any CPU.Build.0 = Debug|iPhoneSimulator
		{6C29522F-20C6-43EC-B220-31379060C50F}.Debug|Any CPU.Deploy.0 = Debug|iPhoneSimulator
		{6C29522F-20C6-43EC-B220-31379060C50F}.Debug|ARM.ActiveCfg = Debug|iPhone
		{6C29522F-20C6-43EC-B220-31379060C50F}.Debug|ARM.Build.0 = Debug|iPhone
		{6C29522F-20C6-43EC-B220-31379060C50F}.Debug|ARM.Deploy.0 = Debug|iPhone
		{6C29522F-20C6-43EC-B220-31379060C50F}.Debug|iPhone.ActiveCfg = Debug|iPhone
		{6C29522F-20C6-43EC-B220-31379060C50F}.Debug|iPhone.Build.0 = Debug|iPhone
		{6C29522F-20C6-43EC-B220-31379060C50F}.Debug|iPhone.Deploy.0 = Debug|iPhone
		{6C29522F-20C6-43EC-B220-31379060C50F}.Debug|iPhoneSimulator.ActiveCfg = Debug|iPhoneSimulator
		{6C29522F-20C6-43EC-B220-31379060C50F}.Debug|iPhoneSimulator.Build.0 = Debug|iPhoneSimulator
		{6C29522F-20C6-43EC-B220-31379060C50F}.Debug|iPhoneSimulator.Deploy.0 = Debug|iPhoneSimulator
		{6C29522F-20C6-43EC-B220-31379060C50F}.Debug|x64.ActiveCfg = Debug|iPhone
		{6C29522F-20C6-43EC-B220-31379060C50F}.Debug|x64.Build.0 = Debug|iPhone
		{6C29522F-20C6-43EC-B220-31379060C50F}.Debug|x64.Deploy.0 = Debug|iPhone
		{6C29522F-20C6-43EC-B220-31379060C50F}.Debug|x86.ActiveCfg = Debug|iPhone
		{6C29522F-20C6-43EC-B220-31379060C50F}.Debug|x86.Build.0 = Debug|iPhone
		{6C29522F-20C6-43EC-B220-31379060C50F}.Debug|x86.Deploy.0 = Debug|iPhone
		{6C29522F-20C6-43EC-B220-31379060C50F}.Release|Any CPU.ActiveCfg = Release|iPhone
		{6C29522F-20C6-43EC-B220-31379060C50F}.Release|Any CPU.Build.0 = Release|iPhone
		{6C29522F-20C6-43EC-B220-31379060C50F}.Release|Any CPU.Deploy.0 = Release|iPhone
		{6C29522F-20C6-43EC-B220-31379060C50F}.Release|ARM.ActiveCfg = Release|iPhone
		{6C29522F-20C6-43EC-B220-31379060C50F}.Release|ARM.Build.0 = Release|iPhone
		{6C29522F-20C6-43EC-B220-31379060C50F}.Release|ARM.Deploy.0 = Release|iPhone
		{6C29522F-20C6-43EC-B220-31379060C50F}.Release|iPhone.ActiveCfg = Release|iPhone
		{6C29522F-20C6-43EC-B220-31379060C50F}.Release|iPhone.Build.0 = Release|iPhone
		{6C29522F-20C6-43EC-B220-31379060C50F}.Release|iPhone.Deploy.0 = Release|iPhone
		{6C29522F-20C6-43EC-B220-31379060C50F}.Release|iPhoneSimulator.ActiveCfg = Release|iPhoneSimulator
		{6C29522F-20C6-43EC-B220-31379060C50F}.Release|iPhoneSimulator.Build.0 = Release|iPhoneSimulator
		{6C29522F-20C6-43EC-B220-31379060C50F}.Release|iPhoneSimulator.Deploy.0 = Release|iPhoneSimulator
		{6C29522F-20C6-43EC-B220-31379060C50F}.Release|x64.ActiveCfg = Release|iPhone
		{6C29522F-20C6-43EC-B220-31379060C50F}.Release|x64.Build.0 = Release|iPhone
		{6C29522F-20C6-43EC-B220-31379060C50F}.Release|x64.Deploy.0 = Release|iPhone
		{6C29522F-20C6-43EC-B220-31379060C50F}.Release|x86.ActiveCfg = Release|iPhone
		{6C29522F-20C6-43EC-B220-31379060C50F}.Release|x86.Build.0 = Release|iPhone
		{6C29522F-20C6-43EC-B220-31379060C50F}.Release|x86.Deploy.0 = Release|iPhone
		{5EA5C45C-78F6-407B-BFCF-73AC22CD9521}.Ad-Hoc|Any CPU.ActiveCfg = Release|x86
		{5EA5C45C-78F6-407B-BFCF-73AC22CD9521}.Ad-Hoc|Any CPU.Build.0 = Release|x86
		{5EA5C45C-78F6-407B-BFCF-73AC22CD9521}.Ad-Hoc|Any CPU.Deploy.0 = Release|x86
		{5EA5C45C-78F6-407B-BFCF-73AC22CD9521}.Ad-Hoc|ARM.ActiveCfg = Release|ARM
		{5EA5C45C-78F6-407B-BFCF-73AC22CD9521}.Ad-Hoc|ARM.Build.0 = Release|ARM
		{5EA5C45C-78F6-407B-BFCF-73AC22CD9521}.Ad-Hoc|ARM.Deploy.0 = Release|ARM
		{5EA5C45C-78F6-407B-BFCF-73AC22CD9521}.Ad-Hoc|iPhone.ActiveCfg = Release|x86
		{5EA5C45C-78F6-407B-BFCF-73AC22CD9521}.Ad-Hoc|iPhone.Build.0 = Release|x86
		{5EA5C45C-78F6-407B-BFCF-73AC22CD9521}.Ad-Hoc|iPhone.Deploy.0 = Release|x86
		{5EA5C45C-78F6-407B-BFCF-73AC22CD9521}.Ad-Hoc|iPhoneSimulator.ActiveCfg = Release|x86
		{5EA5C45C-78F6-407B-BFCF-73AC22CD9521}.Ad-Hoc|iPhoneSimulator.Build.0 = Release|x86
		{5EA5C45C-78F6-407B-BFCF-73AC22CD9521}.Ad-Hoc|iPhoneSimulator.Deploy.0 = Release|x86
		{5EA5C45C-78F6-407B-BFCF-73AC22CD9521}.Ad-Hoc|x64.ActiveCfg = Release|x64
		{5EA5C45C-78F6-407B-BFCF-73AC22CD9521}.Ad-Hoc|x64.Build.0 = Release|x64
		{5EA5C45C-78F6-407B-BFCF-73AC22CD9521}.Ad-Hoc|x64.Deploy.0 = Release|x64
		{5EA5C45C-78F6-407B-BFCF-73AC22CD9521}.Ad-Hoc|x86.ActiveCfg = Release|x86
		{5EA5C45C-78F6-407B-BFCF-73AC22CD9521}.Ad-Hoc|x86.Build.0 = Release|x86
		{5EA5C45C-78F6-407B-BFCF-73AC22CD9521}.Ad-Hoc|x86.Deploy.0 = Release|x86
		{5EA5C45C-78F6-407B-BFCF-73AC22CD9521}.AppStore|Any CPU.ActiveCfg = Release|x86
		{5EA5C45C-78F6-407B-BFCF-73AC22CD9521}.AppStore|Any CPU.Build.0 = Release|x86
		{5EA5C45C-78F6-407B-BFCF-73AC22CD9521}.AppStore|Any CPU.Deploy.0 = Release|x86
		{5EA5C45C-78F6-407B-BFCF-73AC22CD9521}.AppStore|ARM.ActiveCfg = Release|ARM
		{5EA5C45C-78F6-407B-BFCF-73AC22CD9521}.AppStore|ARM.Build.0 = Release|ARM
		{5EA5C45C-78F6-407B-BFCF-73AC22CD9521}.AppStore|ARM.Deploy.0 = Release|ARM
		{5EA5C45C-78F6-407B-BFCF-73AC22CD9521}.AppStore|iPhone.ActiveCfg = Release|x86
		{5EA5C45C-78F6-407B-BFCF-73AC22CD9521}.AppStore|iPhone.Build.0 = Release|x86
		{5EA5C45C-78F6-407B-BFCF-73AC22CD9521}.AppStore|iPhone.Deploy.0 = Release|x86
		{5EA5C45C-78F6-407B-BFCF-73AC22CD9521}.AppStore|iPhoneSimulator.ActiveCfg = Release|x86
		{5EA5C45C-78F6-407B-BFCF-73AC22CD9521}.AppStore|iPhoneSimulator.Build.0 = Release|x86
		{5EA5C45C-78F6-407B-BFCF-73AC22CD9521}.AppStore|iPhoneSimulator.Deploy.0 = Release|x86
		{5EA5C45C-78F6-407B-BFCF-73AC22CD9521}.AppStore|x64.ActiveCfg = Release|x64
		{5EA5C45C-78F6-407B-BFCF-73AC22CD9521}.AppStore|x64.Build.0 = Release|x64
		{5EA5C45C-78F6-407B-BFCF-73AC22CD9521}.AppStore|x64.Deploy.0 = Release|x64
		{5EA5C45C-78F6-407B-BFCF-73AC22CD9521}.AppStore|x86.ActiveCfg = Release|x86
		{5EA5C45C-78F6-407B-BFCF-73AC22CD9521}.AppStore|x86.Build.0 = Release|x86
		{5EA5C45C-78F6-407B-BFCF-73AC22CD9521}.AppStore|x86.Deploy.0 = Release|x86
		{5EA5C45C-78F6-407B-BFCF-73AC22CD9521}.Debug|Any CPU.ActiveCfg = Debug|x86
		{5EA5C45C-78F6-407B-BFCF-73AC22CD9521}.Debug|Any CPU.Build.0 = Debug|x86
		{5EA5C45C-78F6-407B-BFCF-73AC22CD9521}.Debug|Any CPU.Deploy.0 = Debug|x86
		{5EA5C45C-78F6-407B-BFCF-73AC22CD9521}.Debug|ARM.ActiveCfg = Debug|ARM
		{5EA5C45C-78F6-407B-BFCF-73AC22CD9521}.Debug|ARM.Build.0 = Debug|ARM
		{5EA5C45C-78F6-407B-BFCF-73AC22CD9521}.Debug|ARM.Deploy.0 = Debug|ARM
		{5EA5C45C-78F6-407B-BFCF-73AC22CD9521}.Debug|iPhone.ActiveCfg = Debug|x86
		{5EA5C45C-78F6-407B-BFCF-73AC22CD9521}.Debug|iPhone.Build.0 = Debug|x86
		{5EA5C45C-78F6-407B-BFCF-73AC22CD9521}.Debug|iPhone.Deploy.0 = Debug|x86
		{5EA5C45C-78F6-407B-BFCF-73AC22CD9521}.Debug|iPhoneSimulator.ActiveCfg = Debug|x86
		{5EA5C45C-78F6-407B-BFCF-73AC22CD9521}.Debug|iPhoneSimulator.Build.0 = Debug|x86
		{5EA5C45C-78F6-407B-BFCF-73AC22CD9521}.Debug|iPhoneSimulator.Deploy.0 = Debug|x86
		{5EA5C45C-78F6-407B-BFCF-73AC22CD9521}.Debug|x64.ActiveCfg = Debug|x64
		{5EA5C45C-78F6-407B-BFCF-73AC22CD9521}.Debug|x64.Build.0 = Debug|x64
		{5EA5C45C-78F6-407B-BFCF-73AC22CD9521}.Debug|x64.Deploy.0 = Debug|x64
		{5EA5C45C-78F6-407B-BFCF-73AC22CD9521}.Debug|x86.ActiveCfg = Debug|x86
		{5EA5C45C-78F6-407B-BFCF-73AC22CD9521}.Debug|x86.Build.0 = Debug|x86
		{5EA5C45C-78F6-407B-BFCF-73AC22CD9521}.Debug|x86.Deploy.0 = Debug|x86
		{5EA5C45C-78F6-407B-BFCF-73AC22CD9521}.Release|Any CPU.ActiveCfg = Release|x86
		{5EA5C45C-78F6-407B-BFCF-73AC22CD9521}.Release|Any CPU.Build.0 = Release|x86
		{5EA5C45C-78F6-407B-BFCF-73AC22CD9521}.Release|Any CPU.Deploy.0 = Release|x86
		{5EA5C45C-78F6-407B-BFCF-73AC22CD9521}.Release|ARM.ActiveCfg = Release|ARM
		{5EA5C45C-78F6-407B-BFCF-73AC22CD9521}.Release|ARM.Build.0 = Release|ARM
		{5EA5C45C-78F6-407B-BFCF-73AC22CD9521}.Release|ARM.Deploy.0 = Release|ARM
		{5EA5C45C-78F6-407B-BFCF-73AC22CD9521}.Release|iPhone.ActiveCfg = Release|x86
		{5EA5C45C-78F6-407B-BFCF-73AC22CD9521}.Release|iPhone.Build.0 = Release|x86
		{5EA5C45C-78F6-407B-BFCF-73AC22CD9521}.Release|iPhone.Deploy.0 = Release|x86
		{5EA5C45C-78F6-407B-BFCF-73AC22CD9521}.Release|iPhoneSimulator.ActiveCfg = Release|x86
		{5EA5C45C-78F6-407B-BFCF-73AC22CD9521}.Release|iPhoneSimulator.Build.0 = Release|x86
		{5EA5C45C-78F6-407B-BFCF-73AC22CD9521}.Release|iPhoneSimulator.Deploy.0 = Release|x86
		{5EA5C45C-78F6-407B-BFCF-73AC22CD9521}.Release|x64.ActiveCfg = Release|x64
		{5EA5C45C-78F6-407B-BFCF-73AC22CD9521}.Release|x64.Build.0 = Release|x64
		{5EA5C45C-78F6-407B-BFCF-73AC22CD9521}.Release|x64.Deploy.0 = Release|x64
		{5EA5C45C-78F6-407B-BFCF-73AC22CD9521}.Release|x86.ActiveCfg = Release|x86
		{5EA5C45C-78F6-407B-BFCF-73AC22CD9521}.Release|x86.Build.0 = Release|x86
		{5EA5C45C-78F6-407B-BFCF-73AC22CD9521}.Release|x86.Deploy.0 = Release|x86
		{7FFCB4B9-4338-4658-8784-0D021218DE34}.Ad-Hoc|Any CPU.ActiveCfg = Debug|Any CPU
		{7FFCB4B9-4338-4658-8784-0D021218DE34}.Ad-Hoc|Any CPU.Build.0 = Debug|Any CPU
		{7FFCB4B9-4338-4658-8784-0D021218DE34}.Ad-Hoc|Any CPU.Deploy.0 = Debug|Any CPU
		{7FFCB4B9-4338-4658-8784-0D021218DE34}.Ad-Hoc|ARM.ActiveCfg = Debug|Any CPU
		{7FFCB4B9-4338-4658-8784-0D021218DE34}.Ad-Hoc|ARM.Build.0 = Debug|Any CPU
		{7FFCB4B9-4338-4658-8784-0D021218DE34}.Ad-Hoc|ARM.Deploy.0 = Debug|Any CPU
		{7FFCB4B9-4338-4658-8784-0D021218DE34}.Ad-Hoc|iPhone.ActiveCfg = Debug|Any CPU
		{7FFCB4B9-4338-4658-8784-0D021218DE34}.Ad-Hoc|iPhone.Build.0 = Debug|Any CPU
		{7FFCB4B9-4338-4658-8784-0D021218DE34}.Ad-Hoc|iPhone.Deploy.0 = Debug|Any CPU
		{7FFCB4B9-4338-4658-8784-0D021218DE34}.Ad-Hoc|iPhoneSimulator.ActiveCfg = Debug|Any CPU
		{7FFCB4B9-4338-4658-8784-0D021218DE34}.Ad-Hoc|iPhoneSimulator.Build.0 = Debug|Any CPU
		{7FFCB4B9-4338-4658-8784-0D021218DE34}.Ad-Hoc|iPhoneSimulator.Deploy.0 = Debug|Any CPU
		{7FFCB4B9-4338-4658-8784-0D021218DE34}.Ad-Hoc|x64.ActiveCfg = Debug|Any CPU
		{7FFCB4B9-4338-4658-8784-0D021218DE34}.Ad-Hoc|x64.Build.0 = Debug|Any CPU
		{7FFCB4B9-4338-4658-8784-0D021218DE34}.Ad-Hoc|x64.Deploy.0 = Debug|Any CPU
		{7FFCB4B9-4338-4658-8784-0D021218DE34}.Ad-Hoc|x86.ActiveCfg = Debug|Any CPU
		{7FFCB4B9-4338-4658-8784-0D021218DE34}.Ad-Hoc|x86.Build.0 = Debug|Any CPU
		{7FFCB4B9-4338-4658-8784-0D021218DE34}.Ad-Hoc|x86.Deploy.0 = Debug|Any CPU
		{7FFCB4B9-4338-4658-8784-0D021218DE34}.AppStore|Any CPU.ActiveCfg = Debug|Any CPU
		{7FFCB4B9-4338-4658-8784-0D021218DE34}.AppStore|Any CPU.Build.0 = Debug|Any CPU
		{7FFCB4B9-4338-4658-8784-0D021218DE34}.AppStore|Any CPU.Deploy.0 = Debug|Any CPU
		{7FFCB4B9-4338-4658-8784-0D021218DE34}.AppStore|ARM.ActiveCfg = Debug|Any CPU
		{7FFCB4B9-4338-4658-8784-0D021218DE34}.AppStore|ARM.Build.0 = Debug|Any CPU
		{7FFCB4B9-4338-4658-8784-0D021218DE34}.AppStore|ARM.Deploy.0 = Debug|Any CPU
		{7FFCB4B9-4338-4658-8784-0D021218DE34}.AppStore|iPhone.ActiveCfg = Debug|Any CPU
		{7FFCB4B9-4338-4658-8784-0D021218DE34}.AppStore|iPhone.Build.0 = Debug|Any CPU
		{7FFCB4B9-4338-4658-8784-0D021218DE34}.AppStore|iPhone.Deploy.0 = Debug|Any CPU
		{7FFCB4B9-4338-4658-8784-0D021218DE34}.AppStore|iPhoneSimulator.ActiveCfg = Debug|Any CPU
		{7FFCB4B9-4338-4658-8784-0D021218DE34}.AppStore|iPhoneSimulator.Build.0 = Debug|Any CPU
		{7FFCB4B9-4338-4658-8784-0D021218DE34}.AppStore|iPhoneSimulator.Deploy.0 = Debug|Any CPU
		{7FFCB4B9-4338-4658-8784-0D021218DE34}.AppStore|x64.ActiveCfg = Debug|Any CPU
		{7FFCB4B9-4338-4658-8784-0D021218DE34}.AppStore|x64.Build.0 = Debug|Any CPU
		{7FFCB4B9-4338-4658-8784-0D021218DE34}.AppStore|x64.Deploy.0 = Debug|Any CPU
		{7FFCB4B9-4338-4658-8784-0D021218DE34}.AppStore|x86.ActiveCfg = Debug|Any CPU
		{7FFCB4B9-4338-4658-8784-0D021218DE34}.AppStore|x86.Build.0 = Debug|Any CPU
		{7FFCB4B9-4338-4658-8784-0D021218DE34}.AppStore|x86.Deploy.0 = Debug|Any CPU
		{7FFCB4B9-4338-4658-8784-0D021218DE34}.Debug|Any CPU.ActiveCfg = Debug|Any CPU
		{7FFCB4B9-4338-4658-8784-0D021218DE34}.Debug|Any CPU.Build.0 = Debug|Any CPU
		{7FFCB4B9-4338-4658-8784-0D021218DE34}.Debug|Any CPU.Deploy.0 = Debug|Any CPU
		{7FFCB4B9-4338-4658-8784-0D021218DE34}.Debug|ARM.ActiveCfg = Debug|Any CPU
		{7FFCB4B9-4338-4658-8784-0D021218DE34}.Debug|ARM.Build.0 = Debug|Any CPU
		{7FFCB4B9-4338-4658-8784-0D021218DE34}.Debug|ARM.Deploy.0 = Debug|Any CPU
		{7FFCB4B9-4338-4658-8784-0D021218DE34}.Debug|iPhone.ActiveCfg = Debug|Any CPU
		{7FFCB4B9-4338-4658-8784-0D021218DE34}.Debug|iPhone.Build.0 = Debug|Any CPU
		{7FFCB4B9-4338-4658-8784-0D021218DE34}.Debug|iPhone.Deploy.0 = Debug|Any CPU
		{7FFCB4B9-4338-4658-8784-0D021218DE34}.Debug|iPhoneSimulator.ActiveCfg = Debug|Any CPU
		{7FFCB4B9-4338-4658-8784-0D021218DE34}.Debug|iPhoneSimulator.Build.0 = Debug|Any CPU
		{7FFCB4B9-4338-4658-8784-0D021218DE34}.Debug|iPhoneSimulator.Deploy.0 = Debug|Any CPU
		{7FFCB4B9-4338-4658-8784-0D021218DE34}.Debug|x64.ActiveCfg = Debug|Any CPU
		{7FFCB4B9-4338-4658-8784-0D021218DE34}.Debug|x64.Build.0 = Debug|Any CPU
		{7FFCB4B9-4338-4658-8784-0D021218DE34}.Debug|x64.Deploy.0 = Debug|Any CPU
		{7FFCB4B9-4338-4658-8784-0D021218DE34}.Debug|x86.ActiveCfg = Debug|Any CPU
		{7FFCB4B9-4338-4658-8784-0D021218DE34}.Debug|x86.Build.0 = Debug|Any CPU
		{7FFCB4B9-4338-4658-8784-0D021218DE34}.Debug|x86.Deploy.0 = Debug|Any CPU
		{7FFCB4B9-4338-4658-8784-0D021218DE34}.Release|Any CPU.ActiveCfg = Release|Any CPU
		{7FFCB4B9-4338-4658-8784-0D021218DE34}.Release|Any CPU.Build.0 = Release|Any CPU
		{7FFCB4B9-4338-4658-8784-0D021218DE34}.Release|Any CPU.Deploy.0 = Release|Any CPU
		{7FFCB4B9-4338-4658-8784-0D021218DE34}.Release|ARM.ActiveCfg = Release|Any CPU
		{7FFCB4B9-4338-4658-8784-0D021218DE34}.Release|ARM.Build.0 = Release|Any CPU
		{7FFCB4B9-4338-4658-8784-0D021218DE34}.Release|ARM.Deploy.0 = Release|Any CPU
		{7FFCB4B9-4338-4658-8784-0D021218DE34}.Release|iPhone.ActiveCfg = Release|Any CPU
		{7FFCB4B9-4338-4658-8784-0D021218DE34}.Release|iPhone.Build.0 = Release|Any CPU
		{7FFCB4B9-4338-4658-8784-0D021218DE34}.Release|iPhone.Deploy.0 = Release|Any CPU
		{7FFCB4B9-4338-4658-8784-0D021218DE34}.Release|iPhoneSimulator.ActiveCfg = Release|Any CPU
		{7FFCB4B9-4338-4658-8784-0D021218DE34}.Release|iPhoneSimulator.Build.0 = Release|Any CPU
		{7FFCB4B9-4338-4658-8784-0D021218DE34}.Release|iPhoneSimulator.Deploy.0 = Release|Any CPU
		{7FFCB4B9-4338-4658-8784-0D021218DE34}.Release|x64.ActiveCfg = Release|Any CPU
		{7FFCB4B9-4338-4658-8784-0D021218DE34}.Release|x64.Build.0 = Release|Any CPU
		{7FFCB4B9-4338-4658-8784-0D021218DE34}.Release|x64.Deploy.0 = Release|Any CPU
		{7FFCB4B9-4338-4658-8784-0D021218DE34}.Release|x86.ActiveCfg = Release|Any CPU
		{7FFCB4B9-4338-4658-8784-0D021218DE34}.Release|x86.Build.0 = Release|Any CPU
		{7FFCB4B9-4338-4658-8784-0D021218DE34}.Release|x86.Deploy.0 = Release|Any CPU
	EndGlobalSection
	GlobalSection(SolutionProperties) = preSolution
		HideSolutionNode = FALSE
	EndGlobalSection
	GlobalSection(ExtensibilityGlobals) = postSolution
		SolutionGuid = {62441216-31D0-4030-9FDE-B671B53251E2}
	EndGlobalSection
EndGlobal
